{
  "name": "court-book",
  "lockfileVersion": 3,
  "requires": true,
  "packages": {
    "": {
      "dependencies": {
        "@cloudbase/js-sdk": "^2.12.1"
      }
    },
    "node_modules/@cloudbase/adapter-interface": {
      "version": "0.7.0",
      "resolved": "https://registry.npmmirror.com/@cloudbase/adapter-interface/-/adapter-interface-0.7.0.tgz",
      "integrity": "sha512-0flyqJeaSydsOHc8s3EfwHWT7VovGGwztlD5S32DN4pkh/Uw3FPkeYqXLWou/lotTvV6oZk7BqFJlD5Lyqdv/A=="
    },
    "node_modules/@cloudbase/adapter-wx_mp": {
      "version": "1.2.0",
      "resolved": "https://registry.npmmirror.com/@cloudbase/adapter-wx_mp/-/adapter-wx_mp-1.2.0.tgz",
      "integrity": "sha512-+ie6CuDa5u0IY8dAe2cfEBL2beCXRmyFUPfz8XeQ9FGpOwhJ/dRUFreErxIEgIN4LqAqht0njkyuBn7oXroLpg==",
      "dependencies": {
        "@cloudbase/adapter-interface": "^0.7.0",
        "web-streams-polyfill": "^4.0.0"
      }
    },
    "node_modules/@cloudbase/ai": {
      "version": "2.14.0",
      "resolved": "https://registry.npmmirror.com/@cloudbase/ai/-/ai-2.14.0.tgz",
      "integrity": "sha512-wjA+/MfXMcfFnDpSX5OFt88HsEHsQmktdPEqawcCzYLb5RkFUME8G9YUKEOhoYIYTM4FGfZaLlbVGuQok5iTEw==",
      "dependencies": {
        "@cloudbase/types": "^2.14.0",
        "@mattiasbuelens/web-streams-adapter": "^0.1.0",
        "text-encoding-shim": "^1.0.5",
        "web-streams-polyfill": "^4.0.0"
      }
    },
    "node_modules/@cloudbase/analytics": {
      "version": "2.14.0",
      "resolved": "https://registry.npmmirror.com/@cloudbase/analytics/-/analytics-2.14.0.tgz",
      "integrity": "sha512-h+1pV2r38N9N2AQO3cjowyJKoxA/RPuzJbhXdYxL2qZBzWYYSzdTH5ek53vDch/AsD1skTGsu0cLHE3DBTGOFg==",
      "dependencies": {
        "@cloudbase/types": "^2.14.0",
        "@cloudbase/utilities": "^2.14.0"
      }
    },
    "node_modules/@cloudbase/app": {
      "version": "2.14.0",
      "resolved": "https://registry.npmmirror.com/@cloudbase/app/-/app-2.14.0.tgz",
      "integrity": "sha512-Ln1gkGQffnmCawRVqEGmNbOatUw/C7P99Yx5HMi62JpP6sVEykUqQGN5aJ/GvxOWdn98YYJi3+ne/zSF3paacw==",
      "dependencies": {
        "@cloudbase/adapter-interface": "^0.7.0",
        "@cloudbase/adapter-wx_mp": "^1.2.0",
        "@cloudbase/types": "^2.14.0",
        "@cloudbase/utilities": "^2.14.0"
      }
    },
    "node_modules/@cloudbase/auth": {
      "version": "2.14.0",
      "resolved": "https://registry.npmmirror.com/@cloudbase/auth/-/auth-2.14.0.tgz",
      "integrity": "sha512-g90RiY8u75pb/6Mg2SfTFf1EuBtfBsO8dtbKj8zO+CqzW1KfTYgTmfPlz+OQCtiFXphRnNhGbPK7aGRLOXQYiQ==",
      "dependencies": {
        "@cloudbase/adapter-wx_mp": "^1.2.0",
        "@cloudbase/oauth": "^2.14.0",
        "@cloudbase/utilities": "^2.14.0"
      }
    },
    "node_modules/@cloudbase/cloudrun": {
      "version": "2.14.0",
      "resolved": "https://registry.npmmirror.com/@cloudbase/cloudrun/-/cloudrun-2.14.0.tgz",
      "integrity": "sha512-ZrRWwTXtMnCy2rxPp+7ifzB7Vmhh8zxxhQL0lANcOiMwWKEncOXQ74NtBQkg1+J5oed2DjICdCC9BEUqM0NGDA==",
      "dependencies": {
        "@cloudbase/adapter-interface": "^0.7.0",
        "@cloudbase/types": "^2.14.0",
        "@cloudbase/utilities": "^2.14.0"
      }
    },
    "node_modules/@cloudbase/database": {
      "version": "0.9.21",
      "resolved": "https://registry.npmmirror.com/@cloudbase/database/-/database-0.9.21.tgz",
      "integrity": "sha512-tpOFC8BUtM0a6kKwpHrjJ9zqII8HZDHj3ZlmhZpKRTyzgS8GjFlM49f20pTgkcfwWzbPyvJROW6UYuLU1Vq+CQ==",
      "dependencies": {
        "bson": "^4.0.2",
        "lodash.clonedeep": "4.5.0",
        "lodash.set": "4.3.2",
        "lodash.unset": "4.5.2"
      }
    },
    "node_modules/@cloudbase/functions": {
      "version": "2.14.0",
      "resolved": "https://registry.npmmirror.com/@cloudbase/functions/-/functions-2.14.0.tgz",
      "integrity": "sha512-q59ScOo/uPAeuo9EW02DJilJKmwoGZuTnA3ulNtXA4ENvqWJZEng6OTv363uoDndl4GL5m2Knvw4ZFnnFMZWnQ==",
      "dependencies": {
        "@cloudbase/adapter-interface": "^0.7.0",
        "@cloudbase/cloudrun": "^2.14.0",
        "@cloudbase/types": "^2.14.0",
        "@cloudbase/utilities": "^2.14.0"
      }
    },
    "node_modules/@cloudbase/js-sdk": {
      "version": "2.12.1",
      "resolved": "https://registry.npmmirror.com/@cloudbase/js-sdk/-/js-sdk-2.12.1.tgz",
      "integrity": "sha512-MIu8qZJlrJf+PW2TMywIIDBsx4aU+El5wZoDtzH/Fdl/z6YXG0dRkQTEmfi+9tURv6xl3JGGY2PUllM3nYxGCg==",
      "dependencies": {
        "@cloudbase/adapter-interface": "^0.7.0",
        "@cloudbase/ai": "^2.12.1",
        "@cloudbase/analytics": "^2.12.1",
        "@cloudbase/app": "^2.12.1",
        "@cloudbase/auth": "^2.12.1",
        "@cloudbase/cloudrun": "^2.12.1",
        "@cloudbase/database": "0.9.21",
        "@cloudbase/functions": "^2.12.1",
        "@cloudbase/model": "^2.12.1",
        "@cloudbase/realtime": "^2.12.1",
        "@cloudbase/storage": "^2.12.1",
        "@cloudbase/types": "^2.12.1",
        "@cloudbase/utilities": "^2.12.1"
      }
    },
    "node_modules/@cloudbase/model": {
      "version": "2.14.0",
      "resolved": "https://registry.npmmirror.com/@cloudbase/model/-/model-2.14.0.tgz",
      "integrity": "sha512-NAZyv3B5QOv0tY7IbfglJVlQ2VYqDPlZMG8UxT8pIEVT1MYegRb4a2PR+ImrnxGZgVNHHvqgUdHQClHy4zNTKQ==",
      "dependencies": {
        "@cloudbase/types": "^2.14.0",
        "@cloudbase/utilities": "^2.14.0",
        "@cloudbase/wx-cloud-client-sdk": "^1.5.0"
      }
    },
    "node_modules/@cloudbase/oauth": {
      "version": "2.14.0",
      "resolved": "https://registry.npmmirror.com/@cloudbase/oauth/-/oauth-2.14.0.tgz",
      "integrity": "sha512-S9r5Tcq/EPwveqR+Md4RzaI8ycd1Wvlfk9WkGV3HkZVq1I/x4nkXnPbJXgXu/Rv3azIr4Rm5UAV4IfoKyP/AFw=="
    },
    "node_modules/@cloudbase/realtime": {
      "version": "2.14.0",
      "resolved": "https://registry.npmmirror.com/@cloudbase/realtime/-/realtime-2.14.0.tgz",
      "integrity": "sha512-K6KeH8NwS6OWcmfG0YUu75Jnk7BVSZ7CrrVPm63EtGkqCgnr58zq1U4cMuSG11YZn50UfGK5tE9XxOvzJKFxWw==",
      "dependencies": {
        "@cloudbase/types": "^2.14.0"
      }
    },
    "node_modules/@cloudbase/storage": {
      "version": "2.14.0",
      "resolved": "https://registry.npmmirror.com/@cloudbase/storage/-/storage-2.14.0.tgz",
      "integrity": "sha512-CMZ5OZhEbby7wECVrYUyQWVcx6JROevcVIRCjCuuMqTHROG47Yaf5qXt7Nq03OjuHlNaLNXSkQlrLWKq2+U6Tw==",
      "dependencies": {
        "@cloudbase/types": "^2.14.0",
        "@cloudbase/utilities": "^2.14.0"
      }
    },
    "node_modules/@cloudbase/types": {
      "version": "2.14.0",
      "resolved": "https://registry.npmmirror.com/@cloudbase/types/-/types-2.14.0.tgz",
      "integrity": "sha512-RSA9TqASNN9XVnRvhGdoM52Ey08hj54T5glMi+QbvXMene1ETXyNr8ibENrVK166KBMABoXYoytB3stiI6tDAA==",
      "dependencies": {
        "@cloudbase/adapter-interface": "^0.7.0"
      }
    },
    "node_modules/@cloudbase/utilities": {
      "version": "2.14.0",
      "resolved": "https://registry.npmmirror.com/@cloudbase/utilities/-/utilities-2.14.0.tgz",
      "integrity": "sha512-JuhNtZSHeeylCYUhVv8J0yUz639B8LQKHFhbJR798HSR1SO88hxSbTrgatHBetMDUxyBGUOspLxNlq5PzLSLGQ==",
      "dependencies": {
        "@cloudbase/adapter-interface": "^0.7.0",
        "@cloudbase/types": "^2.14.0",
        "jwt-decode": "^3.1.2"
      }
    },
    "node_modules/@cloudbase/wx-cloud-client-sdk": {
      "version": "1.5.0",
      "resolved": "https://registry.npmmirror.com/@cloudbase/wx-cloud-client-sdk/-/wx-cloud-client-sdk-1.5.0.tgz",
      "integrity": "sha512-ceXxNPYX2/SxJ3Dq2fmEZkkOQaCKPJvhwo5gkIrhi9h2cUlBvaRTaqqQXYufjjXuVo10MLg03oyQsNKZNojWPg=="
    },
    "node_modules/@mattiasbuelens/web-streams-adapter": {
      "version": "0.1.0",
      "resolved": "https://registry.npmmirror.com/@mattiasbuelens/web-streams-adapter/-/web-streams-adapter-0.1.0.tgz",
      "integrity": "sha512-oV4PyZfwJNtmFWhvlJLqYIX1Nn22ML8FZpS16ZUKv0hg7414xV1fjsGqxQzLT2dyK92TKxsJSwMOd7VNHAtPmA==",
      "engines": {
        "node": ">= 12"
      }
    },
    "node_modules/base64-js": {
      "version": "1.5.1",
      "resolved": "https://registry.npmmirror.com/base64-js/-/base64-js-1.5.1.tgz",
      "integrity": "sha512-AKpaYlHn8t4SVbOHCy+b5+KKgvR4vrsD8vbvrbiQJps7fKDTkjkDry6ji0rUJjC0kzbNePLwzxq8iypo41qeWA==",
      "funding": [
        {
          "type": "github",
          "url": "https://github.com/sponsors/feross"
        },
        {
          "type": "patreon",
          "url": "https://www.patreon.com/feross"
        },
        {
          "type": "consulting",
          "url": "https://feross.org/support"
        }
      ]
    },
    "node_modules/bson": {
      "version": "4.7.2",
      "resolved": "https://registry.npmmirror.com/bson/-/bson-4.7.2.tgz",
      "integrity": "sha512-Ry9wCtIZ5kGqkJoi6aD8KjxFZEx78guTQDnpXWiNthsxzrxAK/i8E6pCHAIZTbaEFWcOCvbecMukfK7XUvyLpQ==",
      "dependencies": {
        "buffer": "^5.6.0"
      },
      "engines": {
        "node": ">=6.9.0"
      }
    },
    "node_modules/buffer": {
      "version": "5.7.1",
      "resolved": "https://registry.npmmirror.com/buffer/-/buffer-5.7.1.tgz",
      "integrity": "sha512-EHcyIPBQ4BSGlvjB16k5KgAJ27CIsHY/2JBmCRReo48y9rQ3MaUzWX3KVlBa4U7MyX02HdVj0K7C3WaB3ju7FQ==",
      "funding": [
        {
          "type": "github",
          "url": "https://github.com/sponsors/feross"
        },
        {
          "type": "patreon",
          "url": "https://www.patreon.com/feross"
        },
        {
          "type": "consulting",
          "url": "https://feross.org/support"
        }
      ],
      "dependencies": {
        "base64-js": "^1.3.1",
        "ieee754": "^1.1.13"
      }
    },
    "node_modules/ieee754": {
      "version": "1.2.1",
      "resolved": "https://registry.npmmirror.com/ieee754/-/ieee754-1.2.1.tgz",
      "integrity": "sha512-dcyqhDvX1C46lXZcVqCpK+FtMRQVdIMN6/Df5js2zouUsqG7I6sFxitIC+7KYK29KdXOLHdu9zL4sFnoVQnqaA==",
      "funding": [
        {
          "type": "github",
          "url": "https://github.com/sponsors/feross"
        },
        {
          "type": "patreon",
          "url": "https://www.patreon.com/feross"
        },
        {
          "type": "consulting",
          "url": "https://feross.org/support"
        }
      ]
    },
    "node_modules/jwt-decode": {
      "version": "3.1.2",
      "resolved": "https://registry.npmmirror.com/jwt-decode/-/jwt-decode-3.1.2.tgz",
      "integrity": "sha512-UfpWE/VZn0iP50d8cz9NrZLM9lSWhcJ+0Gt/nm4by88UL+J1SiKN8/5dkjMmbEzwL2CAe+67GsegCbIKtbp75A=="
    },
    "node_modules/lodash.clonedeep": {
      "version": "4.5.0",
      "resolved": "https://registry.npmmirror.com/lodash.clonedeep/-/lodash.clonedeep-4.5.0.tgz",
      "integrity": "sha512-H5ZhCF25riFd9uB5UCkVKo61m3S/xZk1x4wA6yp/L3RFP6Z/eHH1ymQcGLo7J3GMPfm0V/7m1tryHuGVxpqEBQ=="
    },
    "node_modules/lodash.set": {
      "version": "4.3.2",
      "resolved": "https://registry.npmmirror.com/lodash.set/-/lodash.set-4.3.2.tgz",
      "integrity": "sha512-4hNPN5jlm/N/HLMCO43v8BXKq9Z7QdAGc/VGrRD61w8gN9g/6jF9A4L1pbUgBLCffi0w9VsXfTOij5x8iTyFvg=="
    },
    "node_modules/lodash.unset": {
      "version": "4.5.2",
      "resolved": "https://registry.npmmirror.com/lodash.unset/-/lodash.unset-4.5.2.tgz",
      "integrity": "sha512-bwKX88k2JhCV9D1vtE8+naDKlLiGrSmf8zi/Y9ivFHwbmRfA8RxS/aVJ+sIht2XOwqoNr4xUPUkGZpc1sHFEKg=="
    },
    "node_modules/text-encoding-shim": {
      "version": "1.0.5",
      "resolved": "https://registry.npmmirror.com/text-encoding-shim/-/text-encoding-shim-1.0.5.tgz",
      "integrity": "sha512-H7yYW+jRn4yhu60ygZ2f/eMhXPITRt4QSUTKzLm+eCaDsdX8avmgWpmtmHAzesjBVUTAypz9odu5RKUjX5HNYA=="
    },
    "node_modules/web-streams-polyfill": {
      "version": "4.1.0",
      "resolved": "https://registry.npmmirror.com/web-streams-polyfill/-/web-streams-polyfill-4.1.0.tgz",
      "integrity": "sha512-A7Jxrg7+eV+eZR/CIdESDnRGFb6/bcKukGvJBB5snI6cw3is1c2qamkYstC1bY1p08TyMRlN9eTMkxmnKJBPBw==",
      "engines": {
        "node": ">= 8"
      }
    }
  }
}
